
Microsoft Visual Studio Solution File, Format Version 12.00
# Visual Studio 15
VisualStudioVersion = 15.0.26730.12
MinimumVisualStudioVersion = 10.0.40219.1
Project("{8BC9CEB8-8B4A-11D0-8D11-00A0C91BC942}") = "Project_FS", "Project_FS\Project_FS.vcxproj", "{8C9E367D-B933-41C2-8578-929C5B48A902}"
EndProject
Global
	GlobalSection(SolutionConfigurationPlatforms) = preSolution
		Debug|x64 = Debug|x64
		Debug|x86 = Debug|x86
		Release|x64 = Release|x64
		Release|x86 = Release|x86
	EndGlobalSection
	GlobalSection(ProjectConfigurationPlatforms) = postSolution
		{8C9E367D-B933-41C2-8578-929C5B48A902}.Debug|x64.ActiveCfg = Debug|x64
		{8C9E367D-B933-41C2-8578-929C5B48A902}.Debug|x64.Build.0 = Debug|x64
		{8C9E367D-B933-41C2-8578-929C5B48A902}.Debug|x86.ActiveCfg = Debug|Win32
		{8C9E367D-B933-41C2-8578-929C5B48A902}.Debug|x86.Build.0 = Debug|Win32
		{8C9E367D-B933-41C2-8578-929C5B48A902}.Release|x64.ActiveCfg = Release|x64
		{8C9E367D-B933-41C2-8578-929C5B48A902}.Release|x64.Build.0 = Release|x64
		{8C9E367D-B933-41C2-8578-929C5B48A902}.Release|x86.ActiveCfg = Release|Win32
		{8C9E367D-B933-41C2-8578-929C5B48A902}.Release|x86.Build.0 = Release|Win32
	EndGlobalSection
	GlobalSection(SolutionProperties) = preSolution
		HideSolutionNode = FALSE
	EndGlobalSection
	GlobalSection(ExtensibilityGlobals) = postSolution
		SolutionGuid = {88EAE032-E917-4965-91CB-9CEEA9D609A7}
	EndGlobalSection
EndGlobal
